
Microsoft Visual Studio Solution File, Format Version 12.00
Project("{FAE04EC0-301F-11D3-BF4B-00C04F79EFBC}") = "JwtAuthentication", "JwtAuthentication\JwtAuthentication.csproj", "{A05E5962-B9A5-42A4-8723-F43182EE59F4}"
EndProject
Global
	GlobalSection(SolutionConfigurationPlatforms) = preSolution
		Debug|Any CPU = Debug|Any CPU
		Release|Any CPU = Release|Any CPU
	EndGlobalSection
	GlobalSection(ProjectConfigurationPlatforms) = postSolution
		{A05E5962-B9A5-42A4-8723-F43182EE59F4}.Debug|Any CPU.ActiveCfg = Debug|Any CPU
		{A05E5962-B9A5-42A4-8723-F43182EE59F4}.Debug|Any CPU.Build.0 = Debug|Any CPU
		{A05E5962-B9A5-42A4-8723-F43182EE59F4}.Release|Any CPU.ActiveCfg = Release|Any CPU
		{A05E5962-B9A5-42A4-8723-F43182EE59F4}.Release|Any CPU.Build.0 = Release|Any CPU
	EndGlobalSection
EndGlobal
